
Microsoft Visual Studio Solution File, Format Version 12.00
# Visual Studio Version 17
VisualStudioVersion = 17.13.35828.75 d17.13
MinimumVisualStudioVersion = 10.0.40219.1
Project("{FAE04EC0-301F-11D3-BF4B-00C04F79EFBC}") = "Duolingo", "Duolingo\Duolingo.csproj", "{9E69C426-FBC9-41DB-A2D3-45CCC5526C72}"
EndProject
Global
	GlobalSection(SolutionConfigurationPlatforms) = preSolution
		Debug|Any CPU = Debug|Any CPU
		Release|Any CPU = Release|Any CPU
	EndGlobalSection
	GlobalSection(ProjectConfigurationPlatforms) = postSolution
		{9E69C426-FBC9-41DB-A2D3-45CCC5526C72}.Debug|Any CPU.ActiveCfg = Debug|Any CPU
		{9E69C426-FBC9-41DB-A2D3-45CCC5526C72}.Debug|Any CPU.Build.0 = Debug|Any CPU
		{9E69C426-FBC9-41DB-A2D3-45CCC5526C72}.Release|Any CPU.ActiveCfg = Release|Any CPU
		{9E69C426-FBC9-41DB-A2D3-45CCC5526C72}.Release|Any CPU.Build.0 = Release|Any CPU
	EndGlobalSection
	GlobalSection(SolutionProperties) = preSolution
		HideSolutionNode = FALSE
	EndGlobalSection
	GlobalSection(ExtensibilityGlobals) = postSolution
		SolutionGuid = {903583F6-F0BA-4FDF-A400-990274C3CBAF}
	EndGlobalSection
EndGlobal
